
Microsoft Visual Studio Solution File, Format Version 12.00
# Visual Studio Version 17
VisualStudioVersion = 17.0.32112.339
MinimumVisualStudioVersion = 10.0.40219.1
Project("{9A19103F-16F7-4668-BE54-9A1E7A4F7556}") = "GJConv", "GJConv\GJConv.csproj", "{5CE9C4B8-4EF9-4860-B1E8-8861CC4A31D8}"
EndProject
Project("{2150E333-8FDC-42A3-9474-1A3956D46DE8}") = "Solution Items", "Solution Items", "{E156FE85-B7A3-49E4-A5F7-45DCCE16FB90}"
	ProjectSection(SolutionItems) = preProject
		.editorconfig = .editorconfig
	EndProjectSection
EndProject
Project("{9A19103F-16F7-4668-BE54-9A1E7A4F7556}") = "GJ.IO", "GJ.IO\GJ.IO.csproj", "{CE140B11-9558-4069-BF5F-75007C78D55A}"
EndProject
Project("{9A19103F-16F7-4668-BE54-9A1E7A4F7556}") = "GJView", "GJView\GJView.csproj", "{25AD2CC0-BB1C-46BC-844E-D6E2577182BA}"
EndProject
Global
	GlobalSection(SolutionConfigurationPlatforms) = preSolution
		Debug|Any CPU = Debug|Any CPU
		Release|Any CPU = Release|Any CPU
	EndGlobalSection
	GlobalSection(ProjectConfigurationPlatforms) = postSolution
		{5CE9C4B8-4EF9-4860-B1E8-8861CC4A31D8}.Debug|Any CPU.ActiveCfg = Debug|Any CPU
		{5CE9C4B8-4EF9-4860-B1E8-8861CC4A31D8}.Debug|Any CPU.Build.0 = Debug|Any CPU
		{5CE9C4B8-4EF9-4860-B1E8-8861CC4A31D8}.Release|Any CPU.ActiveCfg = Release|Any CPU
		{5CE9C4B8-4EF9-4860-B1E8-8861CC4A31D8}.Release|Any CPU.Build.0 = Release|Any CPU
		{CE140B11-9558-4069-BF5F-75007C78D55A}.Debug|Any CPU.ActiveCfg = Debug|Any CPU
		{CE140B11-9558-4069-BF5F-75007C78D55A}.Debug|Any CPU.Build.0 = Debug|Any CPU
		{CE140B11-9558-4069-BF5F-75007C78D55A}.Release|Any CPU.ActiveCfg = Release|Any CPU
		{CE140B11-9558-4069-BF5F-75007C78D55A}.Release|Any CPU.Build.0 = Release|Any CPU
		{25AD2CC0-BB1C-46BC-844E-D6E2577182BA}.Debug|Any CPU.ActiveCfg = Debug|Any CPU
		{25AD2CC0-BB1C-46BC-844E-D6E2577182BA}.Debug|Any CPU.Build.0 = Debug|Any CPU
		{25AD2CC0-BB1C-46BC-844E-D6E2577182BA}.Release|Any CPU.ActiveCfg = Release|Any CPU
		{25AD2CC0-BB1C-46BC-844E-D6E2577182BA}.Release|Any CPU.Build.0 = Release|Any CPU
	EndGlobalSection
	GlobalSection(SolutionProperties) = preSolution
		HideSolutionNode = FALSE
	EndGlobalSection
	GlobalSection(ExtensibilityGlobals) = postSolution
		SolutionGuid = {BBF3C3C0-DE68-4747-9339-A97CB3700CA4}
	EndGlobalSection
EndGlobal
